
Microsoft Visual Studio Solution File, Format Version 12.00
# Visual Studio 15
VisualStudioVersion = 15.0.27703.2000
MinimumVisualStudioVersion = 10.0.40219.1
Project("{FAE04EC0-301F-11D3-BF4B-00C04F79EFBC}") = "HidroacousticSygnals", "HidroacousticSygnals\HidroacousticSygnals.csproj", "{DF7F2574-32D3-4A94-860F-436429053886}"
EndProject
Global
	GlobalSection(SolutionConfigurationPlatforms) = preSolution
		Debug|Any CPU = Debug|Any CPU
		Release|Any CPU = Release|Any CPU
	EndGlobalSection
	GlobalSection(ProjectConfigurationPlatforms) = postSolution
		{DF7F2574-32D3-4A94-860F-436429053886}.Debug|Any CPU.ActiveCfg = Debug|Any CPU
		{DF7F2574-32D3-4A94-860F-436429053886}.Debug|Any CPU.Build.0 = Debug|Any CPU
		{DF7F2574-32D3-4A94-860F-436429053886}.Release|Any CPU.ActiveCfg = Release|Any CPU
		{DF7F2574-32D3-4A94-860F-436429053886}.Release|Any CPU.Build.0 = Release|Any CPU
	EndGlobalSection
	GlobalSection(SolutionProperties) = preSolution
		HideSolutionNode = FALSE
	EndGlobalSection
	GlobalSection(ExtensibilityGlobals) = postSolution
		SolutionGuid = {91CA3EE4-E151-49F7-912D-473AFBE2F5D9}
	EndGlobalSection
EndGlobal
